// !$*UTF8*$!
{
	archiveVersion = 1;
	classes = {
	};
	objectVersion = 52;
	objects = {

/* Begin PBXBuildFile section */
		592879EC2606F77E00FA0AAC /* AppApp.swift in Sources */ = {isa = PBXBuildFile; fileRef = 592879EB2606F77E00FA0AAC /* AppApp.swift */; };
		592879EE2606F77E00FA0AAC /* ContentView.swift in Sources */ = {isa = PBXBuildFile; fileRef = 592879ED2606F77E00FA0AAC /* ContentView.swift */; };
		592879F02606F78000FA0AAC /* Assets.xcassets in Resources */ = {isa = PBXBuildFile; fileRef = 592879EF2606F78000FA0AAC /* Assets.xcassets */; };
		592879F32606F78000FA0AAC /* Preview Assets.xcassets in Resources */ = {isa = PBXBuildFile; fileRef = 592879F22606F78000FA0AAC /* Preview Assets.xcassets */; };
		59287A04260711C700FA0AAC /* SketchStatusView in Frameworks */ = {isa = PBXBuildFile; productRef = 59287A03260711C700FA0AAC /* SketchStatusView */; };
		59C21F2A26097A8100511477 /* SketchDemoApp.swift in Sources */ = {isa = PBXBuildFile; fileRef = 59C21F2926097A8100511477 /* SketchDemoApp.swift */; };
		59C21F2C26097A8100511477 /* ContentView.swift in Sources */ = {isa = PBXBuildFile; fileRef = 59C21F2B26097A8100511477 /* ContentView.swift */; };
		59C21F2E26097A8200511477 /* Assets.xcassets in Resources */ = {isa = PBXBuildFile; fileRef = 59C21F2D26097A8200511477 /* Assets.xcassets */; };
		59C21F3126097A8200511477 /* Preview Assets.xcassets in Resources */ = {isa = PBXBuildFile; fileRef = 59C21F3026097A8200511477 /* Preview Assets.xcassets */; };
		59C21F3926097A8A00511477 /* Sketcher in Frameworks */ = {isa = PBXBuildFile; productRef = 59C21F3826097A8A00511477 /* Sketcher */; };
/* End PBXBuildFile section */

/* Begin PBXFileReference section */
		592879E82606F77E00FA0AAC /* SketchProto.app */ = {isa = PBXFileReference; explicitFileType = wrapper.application; includeInIndex = 0; path = SketchProto.app; sourceTree = BUILT_PRODUCTS_DIR; };
		592879EB2606F77E00FA0AAC /* AppApp.swift */ = {isa = PBXFileReference; lastKnownFileType = sourcecode.swift; path = AppApp.swift; sourceTree = "<group>"; };
		592879ED2606F77E00FA0AAC /* ContentView.swift */ = {isa = PBXFileReference; lastKnownFileType = sourcecode.swift; path = ContentView.swift; sourceTree = "<group>"; };
		592879EF2606F78000FA0AAC /* Assets.xcassets */ = {isa = PBXFileReference; lastKnownFileType = folder.assetcatalog; path = Assets.xcassets; sourceTree = "<group>"; };
		592879F22606F78000FA0AAC /* Preview Assets.xcassets */ = {isa = PBXFileReference; lastKnownFileType = folder.assetcatalog; path = "Preview Assets.xcassets"; sourceTree = "<group>"; };
		592879F42606F78000FA0AAC /* Info.plist */ = {isa = PBXFileReference; lastKnownFileType = text.plist.xml; path = Info.plist; sourceTree = "<group>"; };
		59C21F2726097A8100511477 /* SketchDemo.app */ = {isa = PBXFileReference; explicitFileType = wrapper.application; includeInIndex = 0; path = SketchDemo.app; sourceTree = BUILT_PRODUCTS_DIR; };
		59C21F2926097A8100511477 /* SketchDemoApp.swift */ = {isa = PBXFileReference; lastKnownFileType = sourcecode.swift; path = SketchDemoApp.swift; sourceTree = "<group>"; };
		59C21F2B26097A8100511477 /* ContentView.swift */ = {isa = PBXFileReference; lastKnownFileType = sourcecode.swift; path = ContentView.swift; sourceTree = "<group>"; };
		59C21F2D26097A8200511477 /* Assets.xcassets */ = {isa = PBXFileReference; lastKnownFileType = folder.assetcatalog; path = Assets.xcassets; sourceTree = "<group>"; };
		59C21F3026097A8200511477 /* Preview Assets.xcassets */ = {isa = PBXFileReference; lastKnownFileType = folder.assetcatalog; path = "Preview Assets.xcassets"; sourceTree = "<group>"; };
		59C21F3226097A8200511477 /* Info.plist */ = {isa = PBXFileReference; lastKnownFileType = text.plist.xml; path = Info.plist; sourceTree = "<group>"; };
/* End PBXFileReference section */

/* Begin PBXFrameworksBuildPhase section */
		592879E52606F77E00FA0AAC /* Frameworks */ = {
			isa = PBXFrameworksBuildPhase;
			buildActionMask = 2147483647;
			files = (
				59287A04260711C700FA0AAC /* SketchStatusView in Frameworks */,
			);
			runOnlyForDeploymentPostprocessing = 0;
		};
		59C21F2426097A8100511477 /* Frameworks */ = {
			isa = PBXFrameworksBuildPhase;
			buildActionMask = 2147483647;
			files = (
				59C21F3926097A8A00511477 /* Sketcher in Frameworks */,
			);
			runOnlyForDeploymentPostprocessing = 0;
		};
/* End PBXFrameworksBuildPhase section */

/* Begin PBXGroup section */
		592879DF2606F77E00FA0AAC = {
			isa = PBXGroup;
			children = (
				592879EA2606F77E00FA0AAC /* App */,
				59C21F2826097A8100511477 /* SketchDemo */,
				592879E92606F77E00FA0AAC /* Products */,
				592879FE2607010500FA0AAC /* Frameworks */,
			);
			sourceTree = "<group>";
		};
		592879E92606F77E00FA0AAC /* Products */ = {
			isa = PBXGroup;
			children = (
				592879E82606F77E00FA0AAC /* SketchProto.app */,
				59C21F2726097A8100511477 /* SketchDemo.app */,
			);
			name = Products;
			sourceTree = "<group>";
		};
		592879EA2606F77E00FA0AAC /* App */ = {
			isa = PBXGroup;
			children = (
				592879EB2606F77E00FA0AAC /* AppApp.swift */,
				592879ED2606F77E00FA0AAC /* ContentView.swift */,
				592879EF2606F78000FA0AAC /* Assets.xcassets */,
				592879F42606F78000FA0AAC /* Info.plist */,
				592879F12606F78000FA0AAC /* Preview Content */,
			);
			path = App;
			sourceTree = "<group>";
		};
		592879F12606F78000FA0AAC /* Preview Content */ = {
			isa = PBXGroup;
			children = (
				592879F22606F78000FA0AAC /* Preview Assets.xcassets */,
			);
			path = "Preview Content";
			sourceTree = "<group>";
		};
		592879FE2607010500FA0AAC /* Frameworks */ = {
			isa = PBXGroup;
			children = (
			);
			name = Frameworks;
			sourceTree = "<group>";
		};
		59C21F2826097A8100511477 /* SketchDemo */ = {
			isa = PBXGroup;
			children = (
				59C21F2926097A8100511477 /* SketchDemoApp.swift */,
				59C21F2B26097A8100511477 /* ContentView.swift */,
				59C21F2D26097A8200511477 /* Assets.xcassets */,
				59C21F3226097A8200511477 /* Info.plist */,
				59C21F2F26097A8200511477 /* Preview Content */,
			);
			path = SketchDemo;
			sourceTree = "<group>";
		};
		59C21F2F26097A8200511477 /* Preview Content */ = {
			isa = PBXGroup;
			children = (
				59C21F3026097A8200511477 /* Preview Assets.xcassets */,
			);
			path = "Preview Content";
			sourceTree = "<group>";
		};
/* End PBXGroup section */

/* Begin PBXNativeTarget section */
		592879E72606F77E00FA0AAC /* SketchProto */ = {
			isa = PBXNativeTarget;
			buildConfigurationList = 592879F72606F78000FA0AAC /* Build configuration list for PBXNativeTarget "SketchProto" */;
			buildPhases = (
				592879E42606F77E00FA0AAC /* Sources */,
				592879E52606F77E00FA0AAC /* Frameworks */,
				592879E62606F77E00FA0AAC /* Resources */,
			);
			buildRules = (
			);
			dependencies = (
			);
			name = SketchProto;
			packageProductDependencies = (
				59287A03260711C700FA0AAC /* SketchStatusView */,
			);
			productName = App;
			productReference = 592879E82606F77E00FA0AAC /* SketchProto.app */;
			productType = "com.apple.product-type.application";
		};
		59C21F2626097A8100511477 /* SketchDemo */ = {
			isa = PBXNativeTarget;
			buildConfigurationList = 59C21F3526097A8200511477 /* Build configuration list for PBXNativeTarget "SketchDemo" */;
			buildPhases = (
				59C21F2326097A8100511477 /* Sources */,
				59C21F2426097A8100511477 /* Frameworks */,
				59C21F2526097A8100511477 /* Resources */,
			);
			buildRules = (
			);
			dependencies = (
			);
			name = SketchDemo;
			packageProductDependencies = (
				59C21F3826097A8A00511477 /* Sketcher */,
			);
			productName = SketchDemo;
			productReference = 59C21F2726097A8100511477 /* SketchDemo.app */;
			productType = "com.apple.product-type.application";
		};
/* End PBXNativeTarget section */

/* Begin PBXProject section */
		592879E02606F77E00FA0AAC /* Project object */ = {
			isa = PBXProject;
			attributes = {
				LastSwiftUpdateCheck = 1240;
				LastUpgradeCheck = 1240;
				TargetAttributes = {
					592879E72606F77E00FA0AAC = {
						CreatedOnToolsVersion = 12.4;
					};
					59C21F2626097A8100511477 = {
						CreatedOnToolsVersion = 12.4;
					};
				};
			};
			buildConfigurationList = 592879E32606F77E00FA0AAC /* Build configuration list for PBXProject "SketchProto" */;
			compatibilityVersion = "Xcode 9.3";
			developmentRegion = en;
			hasScannedForEncodings = 0;
			knownRegions = (
				en,
				Base,
			);
			mainGroup = 592879DF2606F77E00FA0AAC;
			productRefGroup = 592879E92606F77E00FA0AAC /* Products */;
			projectDirPath = "";
			projectRoot = "";
			targets = (
				592879E72606F77E00FA0AAC /* SketchProto */,
				59C21F2626097A8100511477 /* SketchDemo */,
			);
		};
/* End PBXProject section */

/* Begin PBXResourcesBuildPhase section */
		592879E62606F77E00FA0AAC /* Resources */ = {
			isa = PBXResourcesBuildPhase;
			buildActionMask = 2147483647;
			files = (
				592879F32606F78000FA0AAC /* Preview Assets.xcassets in Resources */,
				592879F02606F78000FA0AAC /* Assets.xcassets in Resources */,
			);
			runOnlyForDeploymentPostprocessing = 0;
		};
		59C21F2526097A8100511477 /* Resources */ = {
			isa = PBXResourcesBuildPhase;
			buildActionMask = 2147483647;
			files = (
				59C21F3126097A8200511477 /* Preview Assets.xcassets in Resources */,
				59C21F2E26097A8200511477 /* Assets.xcassets in Resources */,
			);
			runOnlyForDeploymentPostprocessing = 0;
		};
/* End PBXResourcesBuildPhase section */

/* Begin PBXSourcesBuildPhase section */
		592879E42606F77E00FA0AAC /* Sources */ = {
			isa = PBXSourcesBuildPhase;
			buildActionMask = 2147483647;
			files = (
				592879EE2606F77E00FA0AAC /* ContentView.swift in Sources */,
				592879EC2606F77E00FA0AAC /* AppApp.swift in Sources */,
			);
			runOnlyForDeploymentPostprocessing = 0;
		};
		59C21F2326097A8100511477 /* Sources */ = {
			isa = PBXSourcesBuildPhase;
			buildActionMask = 2147483647;
			files = (
				59C21F2C26097A8100511477 /* ContentView.swift in Sources */,
				59C21F2A26097A8100511477 /* SketchDemoApp.swift in Sources */,
			);
			runOnlyForDeploymentPostprocessing = 0;
		};
/* End PBXSourcesBuildPhase section */

/* Begin XCBuildConfiguration section */
		592879F52606F78000FA0AAC /* Debug */ = {
			isa = XCBuildConfiguration;
			buildSettings = {
				ALWAYS_SEARCH_USER_PATHS = NO;
				CLANG_ANALYZER_NONNULL = YES;
				CLANG_ANALYZER_NUMBER_OBJECT_CONVERSION = YES_AGGRESSIVE;
				CLANG_CXX_LANGUAGE_STANDARD = "gnu++14";
				CLANG_CXX_LIBRARY = "libc++";
				CLANG_ENABLE_MODULES = YES;
				CLANG_ENABLE_OBJC_ARC = YES;
				CLANG_ENABLE_OBJC_WEAK = YES;
				CLANG_WARN_BLOCK_CAPTURE_AUTORELEASING = YES;
				CLANG_WARN_BOOL_CONVERSION = YES;
				CLANG_WARN_COMMA = YES;
				CLANG_WARN_CONSTANT_CONVERSION = YES;
				CLANG_WARN_DEPRECATED_OBJC_IMPLEMENTATIONS = YES;
				CLANG_WARN_DIRECT_OBJC_ISA_USAGE = YES_ERROR;
				CLANG_WARN_DOCUMENTATION_COMMENTS = YES;
				CLANG_WARN_EMPTY_BODY = YES;
				CLANG_WARN_ENUM_CONVERSION = YES;
				CLANG_WARN_INFINITE_RECURSION = YES;
				CLANG_WARN_INT_CONVERSION = YES;
				CLANG_WARN_NON_LITERAL_NULL_CONVERSION = YES;
				CLANG_WARN_OBJC_IMPLICIT_RETAIN_SELF = YES;
				CLANG_WARN_OBJC_LITERAL_CONVERSION = YES;
				CLANG_WARN_OBJC_ROOT_CLASS = YES_ERROR;
				CLANG_WARN_QUOTED_INCLUDE_IN_FRAMEWORK_HEADER = YES;
				CLANG_WARN_RANGE_LOOP_ANALYSIS = YES;
				CLANG_WARN_STRICT_PROTOTYPES = YES;
				CLANG_WARN_SUSPICIOUS_MOVE = YES;
				CLANG_WARN_UNGUARDED_AVAILABILITY = YES_AGGRESSIVE;
				CLANG_WARN_UNREACHABLE_CODE = YES;
				CLANG_WARN__DUPLICATE_METHOD_MATCH = YES;
				COPY_PHASE_STRIP = NO;
				DEBUG_INFORMATION_FORMAT = dwarf;
				ENABLE_STRICT_OBJC_MSGSEND = YES;
				ENABLE_TESTABILITY = YES;
				GCC_C_LANGUAGE_STANDARD = gnu11;
				GCC_DYNAMIC_NO_PIC = NO;
				GCC_NO_COMMON_BLOCKS = YES;
				GCC_OPTIMIZATION_LEVEL = 0;
				GCC_PREPROCESSOR_DEFINITIONS = (
					"DEBUG=1",
					"$(inherited)",
				);
				GCC_WARN_64_TO_32_BIT_CONVERSION = YES;
				GCC_WARN_ABOUT_RETURN_TYPE = YES_ERROR;
				GCC_WARN_UNDECLARED_SELECTOR = YES;
				GCC_WARN_UNINITIALIZED_AUTOS = YES_AGGRESSIVE;
				GCC_WARN_UNUSED_FUNCTION = YES;
				GCC_WARN_UNUSED_VARIABLE = YES;
				IPHONEOS_DEPLOYMENT_TARGET = 14.4;
				MTL_ENABLE_DEBUG_INFO = INCLUDE_SOURCE;
				MTL_FAST_MATH = YES;
				ONLY_ACTIVE_ARCH = YES;
				SDKROOT = iphoneos;
				SWIFT_ACTIVE_COMPILATION_CONDITIONS = DEBUG;
				SWIFT_OPTIMIZATION_LEVEL = "-Onone";
			};
			name = Debug;
		};
		592879F62606F78000FA0AAC /* Release */ = {
			isa = XCBuildConfiguration;
			buildSettings = {
				ALWAYS_SEARCH_USER_PATHS = NO;
				CLANG_ANALYZER_NONNULL = YES;
				CLANG_ANALYZER_NUMBER_OBJECT_CONVERSION = YES_AGGRESSIVE;
				CLANG_CXX_LANGUAGE_STANDARD = "gnu++14";
				CLANG_CXX_LIBRARY = "libc++";
				CLANG_ENABLE_MODULES = YES;
				CLANG_ENABLE_OBJC_ARC = YES;
				CLANG_ENABLE_OBJC_WEAK = YES;
				CLANG_WARN_BLOCK_CAPTURE_AUTORELEASING = YES;
				CLANG_WARN_BOOL_CONVERSION = YES;
				CLANG_WARN_COMMA = YES;
				CLANG_WARN_CONSTANT_CONVERSION = YES;
				CLANG_WARN_DEPRECATED_OBJC_IMPLEMENTATIONS = YES;
				CLANG_WARN_DIRECT_OBJC_ISA_USAGE = YES_ERROR;
				CLANG_WARN_DOCUMENTATION_COMMENTS = YES;
				CLANG_WARN_EMPTY_BODY = YES;
				CLANG_WARN_ENUM_CONVERSION = YES;
				CLANG_WARN_INFINITE_RECURSION = YES;
				CLANG_WARN_INT_CONVERSION = YES;
				CLANG_WARN_NON_LITERAL_NULL_CONVERSION = YES;
				CLANG_WARN_OBJC_IMPLICIT_RETAIN_SELF = YES;
				CLANG_WARN_OBJC_LITERAL_CONVERSION = YES;
				CLANG_WARN_OBJC_ROOT_CLASS = YES_ERROR;
				CLANG_WARN_QUOTED_INCLUDE_IN_FRAMEWORK_HEADER = YES;
				CLANG_WARN_RANGE_LOOP_ANALYSIS = YES;
				CLANG_WARN_STRICT_PROTOTYPES = YES;
				CLANG_WARN_SUSPICIOUS_MOVE = YES;
				CLANG_WARN_UNGUARDED_AVAILABILITY = YES_AGGRESSIVE;
				CLANG_WARN_UNREACHABLE_CODE = YES;
				CLANG_WARN__DUPLICATE_METHOD_MATCH = YES;
				COPY_PHASE_STRIP = NO;
				DEBUG_INFORMATION_FORMAT = "dwarf-with-dsym";
				ENABLE_NS_ASSERTIONS = NO;
				ENABLE_STRICT_OBJC_MSGSEND = YES;
				GCC_C_LANGUAGE_STANDARD = gnu11;
				GCC_NO_COMMON_BLOCKS = YES;
				GCC_WARN_64_TO_32_BIT_CONVERSION = YES;
				GCC_WARN_ABOUT_RETURN_TYPE = YES_ERROR;
				GCC_WARN_UNDECLARED_SELECTOR = YES;
				GCC_WARN_UNINITIALIZED_AUTOS = YES_AGGRESSIVE;
				GCC_WARN_UNUSED_FUNCTION = YES;
				GCC_WARN_UNUSED_VARIABLE = YES;
				IPHONEOS_DEPLOYMENT_TARGET = 14.4;
				MTL_ENABLE_DEBUG_INFO = NO;
				MTL_FAST_MATH = YES;
				SDKROOT = iphoneos;
				SWIFT_COMPILATION_MODE = wholemodule;
				SWIFT_OPTIMIZATION_LEVEL = "-O";
				VALIDATE_PRODUCT = YES;
			};
			name = Release;
		};
		592879F82606F78000FA0AAC /* Debug */ = {
			isa = XCBuildConfiguration;
			buildSettings = {
				ASSETCATALOG_COMPILER_APPICON_NAME = AppIcon;
				ASSETCATALOG_COMPILER_GLOBAL_ACCENT_COLOR_NAME = AccentColor;
				CODE_SIGN_STYLE = Automatic;
				DEVELOPMENT_ASSET_PATHS = "\"App/Preview Content\"";
				ENABLE_PREVIEWS = YES;
				INFOPLIST_FILE = App/Info.plist;
				IPHONEOS_DEPLOYMENT_TARGET = 14.0;
				LD_RUNPATH_SEARCH_PATHS = (
					"$(inherited)",
					"@executable_path/Frameworks",
				);
				PRODUCT_BUNDLE_IDENTIFIER = com.sakunlabs.App;
				PRODUCT_NAME = "$(TARGET_NAME)";
				SWIFT_VERSION = 5.0;
				TARGETED_DEVICE_FAMILY = "1,2";
			};
			name = Debug;
		};
		592879F92606F78000FA0AAC /* Release */ = {
			isa = XCBuildConfiguration;
			buildSettings = {
				ASSETCATALOG_COMPILER_APPICON_NAME = AppIcon;
				ASSETCATALOG_COMPILER_GLOBAL_ACCENT_COLOR_NAME = AccentColor;
				CODE_SIGN_STYLE = Automatic;
				DEVELOPMENT_ASSET_PATHS = "\"App/Preview Content\"";
				ENABLE_PREVIEWS = YES;
				INFOPLIST_FILE = App/Info.plist;
				IPHONEOS_DEPLOYMENT_TARGET = 14.0;
				LD_RUNPATH_SEARCH_PATHS = (
					"$(inherited)",
					"@executable_path/Frameworks",
				);
				PRODUCT_BUNDLE_IDENTIFIER = com.sakunlabs.App;
				PRODUCT_NAME = "$(TARGET_NAME)";
				SWIFT_VERSION = 5.0;
				TARGETED_DEVICE_FAMILY = "1,2";
			};
			name = Release;
		};
		59C21F3326097A8200511477 /* Debug */ = {
			isa = XCBuildConfiguration;
			buildSettings = {
				ASSETCATALOG_COMPILER_APPICON_NAME = AppIcon;
				ASSETCATALOG_COMPILER_GLOBAL_ACCENT_COLOR_NAME = AccentColor;
				CODE_SIGN_STYLE = Automatic;
				DEVELOPMENT_ASSET_PATHS = "\"SketchDemo/Preview Content\"";
				DEVELOPMENT_TEAM = 2W72Q4758S;
				ENABLE_PREVIEWS = YES;
				INFOPLIST_FILE = SketchDemo/Info.plist;
				IPHONEOS_DEPLOYMENT_TARGET = 14.0;
				LD_RUNPATH_SEARCH_PATHS = (
					"$(inherited)",
					"@executable_path/Frameworks",
				);
				PRODUCT_BUNDLE_IDENTIFIER = com.sakunlabs.SketchDemo;
				PRODUCT_NAME = "$(TARGET_NAME)";
				SWIFT_VERSION = 5.0;
				TARGETED_DEVICE_FAMILY = "1,2";
			};
			name = Debug;
		};
		59C21F3426097A8200511477 /* Release */ = {
			isa = XCBuildConfiguration;
			buildSettings = {
				ASSETCATALOG_COMPILER_APPICON_NAME = AppIcon;
				ASSETCATALOG_COMPILER_GLOBAL_ACCENT_COLOR_NAME = AccentColor;
				CODE_SIGN_STYLE = Automatic;
				DEVELOPMENT_ASSET_PATHS = "\"SketchDemo/Preview Content\"";
				DEVELOPMENT_TEAM = 2W72Q4758S;
				ENABLE_PREVIEWS = YES;
				INFOPLIST_FILE = SketchDemo/Info.plist;
				IPHONEOS_DEPLOYMENT_TARGET = 14.0;
				LD_RUNPATH_SEARCH_PATHS = (
					"$(inherited)",
					"@executable_path/Frameworks",
				);
				PRODUCT_BUNDLE_IDENTIFIER = com.sakunlabs.SketchDemo;
				PRODUCT_NAME = "$(TARGET_NAME)";
				SWIFT_VERSION = 5.0;
				TARGETED_DEVICE_FAMILY = "1,2";
			};
			name = Release;
		};
/* End XCBuildConfiguration section */

/* Begin XCConfigurationList section */
		592879E32606F77E00FA0AAC /* Build configuration list for PBXProject "SketchProto" */ = {
			isa = XCConfigurationList;
			buildConfigurations = (
				592879F52606F78000FA0AAC /* Debug */,
				592879F62606F78000FA0AAC /* Release */,
			);
			defaultConfigurationIsVisible = 0;
			defaultConfigurationName = Release;
		};
		592879F72606F78000FA0AAC /* Build configuration list for PBXNativeTarget "SketchProto" */ = {
			isa = XCConfigurationList;
			buildConfigurations = (
				592879F82606F78000FA0AAC /* Debug */,
				592879F92606F78000FA0AAC /* Release */,
			);
			defaultConfigurationIsVisible = 0;
			defaultConfigurationName = Release;
		};
		59C21F3526097A8200511477 /* Build configuration list for PBXNativeTarget "SketchDemo" */ = {
			isa = XCConfigurationList;
			buildConfigurations = (
				59C21F3326097A8200511477 /* Debug */,
				59C21F3426097A8200511477 /* Release */,
			);
			defaultConfigurationIsVisible = 0;
			defaultConfigurationName = Release;
		};
/* End XCConfigurationList section */

/* Begin XCSwiftPackageProductDependency section */
		59287A03260711C700FA0AAC /* SketchStatusView */ = {
			isa = XCSwiftPackageProductDependency;
			productName = SketchStatusView;
		};
		59C21F3826097A8A00511477 /* Sketcher */ = {
			isa = XCSwiftPackageProductDependency;
			productName = Sketcher;
		};
/* End XCSwiftPackageProductDependency section */
	};
	rootObject = 592879E02606F77E00FA0AAC /* Project object */;
}
